
Microsoft Visual Studio Solution File, Format Version 12.00
# Visual Studio Version 17
VisualStudioVersion = 17.14.36717.8 d17.14
MinimumVisualStudioVersion = 10.0.40219.1
Project("{54A90642-561A-4BB1-A94E-469ADEE60C69}") = "movieapp.client", "movieapp.client\movieapp.client.esproj", "{6A1EE026-F3A8-2601-EA77-5B264C300F40}"
EndProject
Project("{FAE04EC0-301F-11D3-BF4B-00C04F79EFBC}") = "MovieApp.Server", "MovieApp.Server\MovieApp.Server.csproj", "{A9432993-A7C1-41B3-BDC1-75386D8AD41F}"
EndProject
Global
	GlobalSection(SolutionConfigurationPlatforms) = preSolution
		Debug|Any CPU = Debug|Any CPU
		Release|Any CPU = Release|Any CPU
	EndGlobalSection
	GlobalSection(ProjectConfigurationPlatforms) = postSolution
		{6A1EE026-F3A8-2601-EA77-5B264C300F40}.Debug|Any CPU.ActiveCfg = Debug|Any CPU
		{6A1EE026-F3A8-2601-EA77-5B264C300F40}.Debug|Any CPU.Build.0 = Debug|Any CPU
		{6A1EE026-F3A8-2601-EA77-5B264C300F40}.Debug|Any CPU.Deploy.0 = Debug|Any CPU
		{6A1EE026-F3A8-2601-EA77-5B264C300F40}.Release|Any CPU.ActiveCfg = Release|Any CPU
		{6A1EE026-F3A8-2601-EA77-5B264C300F40}.Release|Any CPU.Build.0 = Release|Any CPU
		{6A1EE026-F3A8-2601-EA77-5B264C300F40}.Release|Any CPU.Deploy.0 = Release|Any CPU
		{A9432993-A7C1-41B3-BDC1-75386D8AD41F}.Debug|Any CPU.ActiveCfg = Debug|Any CPU
		{A9432993-A7C1-41B3-BDC1-75386D8AD41F}.Debug|Any CPU.Build.0 = Debug|Any CPU
		{A9432993-A7C1-41B3-BDC1-75386D8AD41F}.Release|Any CPU.ActiveCfg = Release|Any CPU
		{A9432993-A7C1-41B3-BDC1-75386D8AD41F}.Release|Any CPU.Build.0 = Release|Any CPU
	EndGlobalSection
	GlobalSection(SolutionProperties) = preSolution
		HideSolutionNode = FALSE
	EndGlobalSection
	GlobalSection(ExtensibilityGlobals) = postSolution
		SolutionGuid = {144FFC5A-AB10-4823-B4AB-87223EF6CEC0}
	EndGlobalSection
EndGlobal
